// !$*UTF8*$!
{
	archiveVersion = 1;
	classes = {
	};
	objectVersion = 46;
	objects = {

/* Begin PBXBuildFile section */
		FA46AE591B8B573900212CF4 /* ASDCell.swift in Sources */ = {isa = PBXBuildFile; fileRef = FA46AE521B8B573900212CF4 /* ASDCell.swift */; };
		FA46AE5A1B8B573900212CF4 /* ASDCellSet.swift in Sources */ = {isa = PBXBuildFile; fileRef = FA46AE531B8B573900212CF4 /* ASDCellSet.swift */; };
		FA46AE5B1B8B573900212CF4 /* ASDColor.swift in Sources */ = {isa = PBXBuildFile; fileRef = FA46AE541B8B573900212CF4 /* ASDColor.swift */; };
		FA46AE5C1B8B573900212CF4 /* ASDColoredPiece.swift in Sources */ = {isa = PBXBuildFile; fileRef = FA46AE551B8B573900212CF4 /* ASDColoredPiece.swift */; };
		FA46AE5D1B8B573900212CF4 /* ASDDirection.swift in Sources */ = {isa = PBXBuildFile; fileRef = FA46AE561B8B573900212CF4 /* ASDDirection.swift */; };
		FA46AE5E1B8B573900212CF4 /* ASDPiece.swift in Sources */ = {isa = PBXBuildFile; fileRef = FA46AE571B8B573900212CF4 /* ASDPiece.swift */; };
		FA46AE631B8B5C1100212CF4 /* StringSubscript.swift in Sources */ = {isa = PBXBuildFile; fileRef = FA46AE621B8B5C1100212CF4 /* StringSubscript.swift */; };
		FA6764651B920498005B0E1A /* ASDMoveType.swift in Sources */ = {isa = PBXBuildFile; fileRef = FA6764641B920498005B0E1A /* ASDMoveType.swift */; };
		FA6764671B9204D8005B0E1A /* ASDMoveResult.swift in Sources */ = {isa = PBXBuildFile; fileRef = FA6764661B9204D8005B0E1A /* ASDMoveResult.swift */; };
		FA8427211B97335D000D9A25 /* ASDChessGame.swift in Sources */ = {isa = PBXBuildFile; fileRef = FA8427201B97335D000D9A25 /* ASDChessGame.swift */; };
		FA8F77241B8E2DBB0093E570 /* ASDPosition.swift in Sources */ = {isa = PBXBuildFile; fileRef = FA8F77231B8E2DBB0093E570 /* ASDPosition.swift */; };
		FA8F77261B8E30320093E570 /* ASDMove.swift in Sources */ = {isa = PBXBuildFile; fileRef = FA8F77251B8E30320093E570 /* ASDMove.swift */; };
		FA9B26821B8B92FB000637BB /* ASDField.swift in Sources */ = {isa = PBXBuildFile; fileRef = FA9B26811B8B92FB000637BB /* ASDField.swift */; };
		FA9B26841B8B9A5E000637BB /* ASDPrintUtils.swift in Sources */ = {isa = PBXBuildFile; fileRef = FA9B26831B8B9A5E000637BB /* ASDPrintUtils.swift */; };
		FAC582D01B8A421500B73931 /* AppDelegate.swift in Sources */ = {isa = PBXBuildFile; fileRef = FAC582CF1B8A421500B73931 /* AppDelegate.swift */; };
		FAC582D21B8A421500B73931 /* ViewController.swift in Sources */ = {isa = PBXBuildFile; fileRef = FAC582D11B8A421500B73931 /* ViewController.swift */; };
		FAC582D51B8A421500B73931 /* Main.storyboard in Resources */ = {isa = PBXBuildFile; fileRef = FAC582D31B8A421500B73931 /* Main.storyboard */; };
		FAC582D71B8A421500B73931 /* Images.xcassets in Resources */ = {isa = PBXBuildFile; fileRef = FAC582D61B8A421500B73931 /* Images.xcassets */; };
		FAC582DA1B8A421500B73931 /* LaunchScreen.xib in Resources */ = {isa = PBXBuildFile; fileRef = FAC582D81B8A421500B73931 /* LaunchScreen.xib */; };
		FAC582E61B8A421500B73931 /* ASDChessTests.swift in Sources */ = {isa = PBXBuildFile; fileRef = FAC582E51B8A421500B73931 /* ASDChessTests.swift */; };
/* End PBXBuildFile section */

/* Begin PBXContainerItemProxy section */
		FAC582E01B8A421500B73931 /* PBXContainerItemProxy */ = {
			isa = PBXContainerItemProxy;
			containerPortal = FAC582C21B8A421500B73931 /* Project object */;
			proxyType = 1;
			remoteGlobalIDString = FAC582C91B8A421500B73931;
			remoteInfo = ASDChess;
		};
/* End PBXContainerItemProxy section */

/* Begin PBXFileReference section */
		FA46AE521B8B573900212CF4 /* ASDCell.swift */ = {isa = PBXFileReference; fileEncoding = 4; lastKnownFileType = sourcecode.swift; path = ASDCell.swift; sourceTree = "<group>"; };
		FA46AE531B8B573900212CF4 /* ASDCellSet.swift */ = {isa = PBXFileReference; fileEncoding = 4; lastKnownFileType = sourcecode.swift; path = ASDCellSet.swift; sourceTree = "<group>"; };
		FA46AE541B8B573900212CF4 /* ASDColor.swift */ = {isa = PBXFileReference; fileEncoding = 4; lastKnownFileType = sourcecode.swift; path = ASDColor.swift; sourceTree = "<group>"; };
		FA46AE551B8B573900212CF4 /* ASDColoredPiece.swift */ = {isa = PBXFileReference; fileEncoding = 4; lastKnownFileType = sourcecode.swift; path = ASDColoredPiece.swift; sourceTree = "<group>"; };
		FA46AE561B8B573900212CF4 /* ASDDirection.swift */ = {isa = PBXFileReference; fileEncoding = 4; lastKnownFileType = sourcecode.swift; path = ASDDirection.swift; sourceTree = "<group>"; };
		FA46AE571B8B573900212CF4 /* ASDPiece.swift */ = {isa = PBXFileReference; fileEncoding = 4; lastKnownFileType = sourcecode.swift; path = ASDPiece.swift; sourceTree = "<group>"; };
		FA46AE621B8B5C1100212CF4 /* StringSubscript.swift */ = {isa = PBXFileReference; fileEncoding = 4; lastKnownFileType = sourcecode.swift; path = StringSubscript.swift; sourceTree = "<group>"; };
		FA6764641B920498005B0E1A /* ASDMoveType.swift */ = {isa = PBXFileReference; fileEncoding = 4; lastKnownFileType = sourcecode.swift; path = ASDMoveType.swift; sourceTree = "<group>"; };
		FA6764661B9204D8005B0E1A /* ASDMoveResult.swift */ = {isa = PBXFileReference; fileEncoding = 4; lastKnownFileType = sourcecode.swift; path = ASDMoveResult.swift; sourceTree = "<group>"; };
		FA8427201B97335D000D9A25 /* ASDChessGame.swift */ = {isa = PBXFileReference; fileEncoding = 4; lastKnownFileType = sourcecode.swift; path = ASDChessGame.swift; sourceTree = "<group>"; };
		FA8F77231B8E2DBB0093E570 /* ASDPosition.swift */ = {isa = PBXFileReference; fileEncoding = 4; lastKnownFileType = sourcecode.swift; path = ASDPosition.swift; sourceTree = "<group>"; };
		FA8F77251B8E30320093E570 /* ASDMove.swift */ = {isa = PBXFileReference; fileEncoding = 4; lastKnownFileType = sourcecode.swift; path = ASDMove.swift; sourceTree = "<group>"; };
		FA9B26811B8B92FB000637BB /* ASDField.swift */ = {isa = PBXFileReference; fileEncoding = 4; lastKnownFileType = sourcecode.swift; path = ASDField.swift; sourceTree = "<group>"; };
		FA9B26831B8B9A5E000637BB /* ASDPrintUtils.swift */ = {isa = PBXFileReference; fileEncoding = 4; lastKnownFileType = sourcecode.swift; path = ASDPrintUtils.swift; sourceTree = "<group>"; };
		FAC582CA1B8A421500B73931 /* ASDChess.app */ = {isa = PBXFileReference; explicitFileType = wrapper.application; includeInIndex = 0; path = ASDChess.app; sourceTree = BUILT_PRODUCTS_DIR; };
		FAC582CE1B8A421500B73931 /* Info.plist */ = {isa = PBXFileReference; lastKnownFileType = text.plist.xml; path = Info.plist; sourceTree = "<group>"; };
		FAC582CF1B8A421500B73931 /* AppDelegate.swift */ = {isa = PBXFileReference; lastKnownFileType = sourcecode.swift; path = AppDelegate.swift; sourceTree = "<group>"; };
		FAC582D11B8A421500B73931 /* ViewController.swift */ = {isa = PBXFileReference; lastKnownFileType = sourcecode.swift; path = ViewController.swift; sourceTree = "<group>"; };
		FAC582D41B8A421500B73931 /* Base */ = {isa = PBXFileReference; lastKnownFileType = file.storyboard; name = Base; path = Base.lproj/Main.storyboard; sourceTree = "<group>"; };
		FAC582D61B8A421500B73931 /* Images.xcassets */ = {isa = PBXFileReference; lastKnownFileType = folder.assetcatalog; path = Images.xcassets; sourceTree = "<group>"; };
		FAC582D91B8A421500B73931 /* Base */ = {isa = PBXFileReference; lastKnownFileType = file.xib; name = Base; path = Base.lproj/LaunchScreen.xib; sourceTree = "<group>"; };
		FAC582DF1B8A421500B73931 /* ASDChessTests.xctest */ = {isa = PBXFileReference; explicitFileType = wrapper.cfbundle; includeInIndex = 0; path = ASDChessTests.xctest; sourceTree = BUILT_PRODUCTS_DIR; };
		FAC582E41B8A421500B73931 /* Info.plist */ = {isa = PBXFileReference; lastKnownFileType = text.plist.xml; path = Info.plist; sourceTree = "<group>"; };
		FAC582E51B8A421500B73931 /* ASDChessTests.swift */ = {isa = PBXFileReference; lastKnownFileType = sourcecode.swift; path = ASDChessTests.swift; sourceTree = "<group>"; };
/* End PBXFileReference section */

/* Begin PBXFrameworksBuildPhase section */
		FAC582C71B8A421500B73931 /* Frameworks */ = {
			isa = PBXFrameworksBuildPhase;
			buildActionMask = 2147483647;
			files = (
			);
			runOnlyForDeploymentPostprocessing = 0;
		};
		FAC582DC1B8A421500B73931 /* Frameworks */ = {
			isa = PBXFrameworksBuildPhase;
			buildActionMask = 2147483647;
			files = (
			);
			runOnlyForDeploymentPostprocessing = 0;
		};
/* End PBXFrameworksBuildPhase section */

/* Begin PBXGroup section */
		FAC582C11B8A421500B73931 = {
			isa = PBXGroup;
			children = (
				FAC582CC1B8A421500B73931 /* ASDChess */,
				FAC582E21B8A421500B73931 /* ASDChessTests */,
				FAC582CB1B8A421500B73931 /* Products */,
			);
			sourceTree = "<group>";
		};
		FAC582CB1B8A421500B73931 /* Products */ = {
			isa = PBXGroup;
			children = (
				FAC582CA1B8A421500B73931 /* ASDChess.app */,
				FAC582DF1B8A421500B73931 /* ASDChessTests.xctest */,
			);
			name = Products;
			sourceTree = "<group>";
		};
		FAC582CC1B8A421500B73931 /* ASDChess */ = {
			isa = PBXGroup;
			children = (
				FAC582CF1B8A421500B73931 /* AppDelegate.swift */,
				FAC582D11B8A421500B73931 /* ViewController.swift */,
				FA8427201B97335D000D9A25 /* ASDChessGame.swift */,
				FA46AE521B8B573900212CF4 /* ASDCell.swift */,
				FA9B26831B8B9A5E000637BB /* ASDPrintUtils.swift */,
				FA46AE531B8B573900212CF4 /* ASDCellSet.swift */,
				FA46AE541B8B573900212CF4 /* ASDColor.swift */,
				FA46AE551B8B573900212CF4 /* ASDColoredPiece.swift */,
				FA46AE561B8B573900212CF4 /* ASDDirection.swift */,
				FA46AE571B8B573900212CF4 /* ASDPiece.swift */,
				FA46AE621B8B5C1100212CF4 /* StringSubscript.swift */,
				FA9B26811B8B92FB000637BB /* ASDField.swift */,
				FA8F77231B8E2DBB0093E570 /* ASDPosition.swift */,
				FA8F77251B8E30320093E570 /* ASDMove.swift */,
				FA6764641B920498005B0E1A /* ASDMoveType.swift */,
				FA6764661B9204D8005B0E1A /* ASDMoveResult.swift */,
				FAC582D31B8A421500B73931 /* Main.storyboard */,
				FAC582D61B8A421500B73931 /* Images.xcassets */,
				FAC582D81B8A421500B73931 /* LaunchScreen.xib */,
				FAC582CD1B8A421500B73931 /* Supporting Files */,
			);
			path = ASDChess;
			sourceTree = "<group>";
		};
		FAC582CD1B8A421500B73931 /* Supporting Files */ = {
			isa = PBXGroup;
			children = (
				FAC582CE1B8A421500B73931 /* Info.plist */,
			);
			name = "Supporting Files";
			sourceTree = "<group>";
		};
		FAC582E21B8A421500B73931 /* ASDChessTests */ = {
			isa = PBXGroup;
			children = (
				FAC582E51B8A421500B73931 /* ASDChessTests.swift */,
				FAC582E31B8A421500B73931 /* Supporting Files */,
			);
			path = ASDChessTests;
			sourceTree = "<group>";
		};
		FAC582E31B8A421500B73931 /* Supporting Files */ = {
			isa = PBXGroup;
			children = (
				FAC582E41B8A421500B73931 /* Info.plist */,
			);
			name = "Supporting Files";
			sourceTree = "<group>";
		};
/* End PBXGroup section */

/* Begin PBXNativeTarget section */
		FAC582C91B8A421500B73931 /* ASDChess */ = {
			isa = PBXNativeTarget;
			buildConfigurationList = FAC582E91B8A421500B73931 /* Build configuration list for PBXNativeTarget "ASDChess" */;
			buildPhases = (
				FAC582C61B8A421500B73931 /* Sources */,
				FAC582C71B8A421500B73931 /* Frameworks */,
				FAC582C81B8A421500B73931 /* Resources */,
			);
			buildRules = (
			);
			dependencies = (
			);
			name = ASDChess;
			productName = ASDChess;
			productReference = FAC582CA1B8A421500B73931 /* ASDChess.app */;
			productType = "com.apple.product-type.application";
		};
		FAC582DE1B8A421500B73931 /* ASDChessTests */ = {
			isa = PBXNativeTarget;
			buildConfigurationList = FAC582EC1B8A421500B73931 /* Build configuration list for PBXNativeTarget "ASDChessTests" */;
			buildPhases = (
				FAC582DB1B8A421500B73931 /* Sources */,
				FAC582DC1B8A421500B73931 /* Frameworks */,
				FAC582DD1B8A421500B73931 /* Resources */,
			);
			buildRules = (
			);
			dependencies = (
				FAC582E11B8A421500B73931 /* PBXTargetDependency */,
			);
			name = ASDChessTests;
			productName = ASDChessTests;
			productReference = FAC582DF1B8A421500B73931 /* ASDChessTests.xctest */;
			productType = "com.apple.product-type.bundle.unit-test";
		};
/* End PBXNativeTarget section */

/* Begin PBXProject section */
		FAC582C21B8A421500B73931 /* Project object */ = {
			isa = PBXProject;
			attributes = {
				LastUpgradeCheck = 0640;
				ORGANIZATIONNAME = Alex;
				TargetAttributes = {
					FAC582C91B8A421500B73931 = {
						CreatedOnToolsVersion = 6.4;
					};
					FAC582DE1B8A421500B73931 = {
						CreatedOnToolsVersion = 6.4;
						TestTargetID = FAC582C91B8A421500B73931;
					};
				};
			};
			buildConfigurationList = FAC582C51B8A421500B73931 /* Build configuration list for PBXProject "ASDChess" */;
			compatibilityVersion = "Xcode 3.2";
			developmentRegion = English;
			hasScannedForEncodings = 0;
			knownRegions = (
				en,
				Base,
			);
			mainGroup = FAC582C11B8A421500B73931;
			productRefGroup = FAC582CB1B8A421500B73931 /* Products */;
			projectDirPath = "";
			projectRoot = "";
			targets = (
				FAC582C91B8A421500B73931 /* ASDChess */,
				FAC582DE1B8A421500B73931 /* ASDChessTests */,
			);
		};
/* End PBXProject section */

/* Begin PBXResourcesBuildPhase section */
		FAC582C81B8A421500B73931 /* Resources */ = {
			isa = PBXResourcesBuildPhase;
			buildActionMask = 2147483647;
			files = (
				FAC582D51B8A421500B73931 /* Main.storyboard in Resources */,
				FAC582DA1B8A421500B73931 /* LaunchScreen.xib in Resources */,
				FAC582D71B8A421500B73931 /* Images.xcassets in Resources */,
			);
			runOnlyForDeploymentPostprocessing = 0;
		};
		FAC582DD1B8A421500B73931 /* Resources */ = {
			isa = PBXResourcesBuildPhase;
			buildActionMask = 2147483647;
			files = (
			);
			runOnlyForDeploymentPostprocessing = 0;
		};
/* End PBXResourcesBuildPhase section */

/* Begin PBXSourcesBuildPhase section */
		FAC582C61B8A421500B73931 /* Sources */ = {
			isa = PBXSourcesBuildPhase;
			buildActionMask = 2147483647;
			files = (
				FAC582D21B8A421500B73931 /* ViewController.swift in Sources */,
				FA6764651B920498005B0E1A /* ASDMoveType.swift in Sources */,
				FA8F77241B8E2DBB0093E570 /* ASDPosition.swift in Sources */,
				FA46AE591B8B573900212CF4 /* ASDCell.swift in Sources */,
				FAC582D01B8A421500B73931 /* AppDelegate.swift in Sources */,
				FA8427211B97335D000D9A25 /* ASDChessGame.swift in Sources */,
				FA6764671B9204D8005B0E1A /* ASDMoveResult.swift in Sources */,
				FA46AE5B1B8B573900212CF4 /* ASDColor.swift in Sources */,
				FA46AE631B8B5C1100212CF4 /* StringSubscript.swift in Sources */,
				FA46AE5C1B8B573900212CF4 /* ASDColoredPiece.swift in Sources */,
				FA46AE5D1B8B573900212CF4 /* ASDDirection.swift in Sources */,
				FA9B26821B8B92FB000637BB /* ASDField.swift in Sources */,
				FA9B26841B8B9A5E000637BB /* ASDPrintUtils.swift in Sources */,
				FA46AE5A1B8B573900212CF4 /* ASDCellSet.swift in Sources */,
				FA8F77261B8E30320093E570 /* ASDMove.swift in Sources */,
				FA46AE5E1B8B573900212CF4 /* ASDPiece.swift in Sources */,
			);
			runOnlyForDeploymentPostprocessing = 0;
		};
		FAC582DB1B8A421500B73931 /* Sources */ = {
			isa = PBXSourcesBuildPhase;
			buildActionMask = 2147483647;
			files = (
				FAC582E61B8A421500B73931 /* ASDChessTests.swift in Sources */,
			);
			runOnlyForDeploymentPostprocessing = 0;
		};
/* End PBXSourcesBuildPhase section */

/* Begin PBXTargetDependency section */
		FAC582E11B8A421500B73931 /* PBXTargetDependency */ = {
			isa = PBXTargetDependency;
			target = FAC582C91B8A421500B73931 /* ASDChess */;
			targetProxy = FAC582E01B8A421500B73931 /* PBXContainerItemProxy */;
		};
/* End PBXTargetDependency section */

/* Begin PBXVariantGroup section */
		FAC582D31B8A421500B73931 /* Main.storyboard */ = {
			isa = PBXVariantGroup;
			children = (
				FAC582D41B8A421500B73931 /* Base */,
			);
			name = Main.storyboard;
			sourceTree = "<group>";
		};
		FAC582D81B8A421500B73931 /* LaunchScreen.xib */ = {
			isa = PBXVariantGroup;
			children = (
				FAC582D91B8A421500B73931 /* Base */,
			);
			name = LaunchScreen.xib;
			sourceTree = "<group>";
		};
/* End PBXVariantGroup section */

/* Begin XCBuildConfiguration section */
		FAC582E71B8A421500B73931 /* Debug */ = {
			isa = XCBuildConfiguration;
			buildSettings = {
				ALWAYS_SEARCH_USER_PATHS = NO;
				CLANG_CXX_LANGUAGE_STANDARD = "gnu++0x";
				CLANG_CXX_LIBRARY = "libc++";
				CLANG_ENABLE_MODULES = YES;
				CLANG_ENABLE_OBJC_ARC = YES;
				CLANG_WARN_BOOL_CONVERSION = YES;
				CLANG_WARN_CONSTANT_CONVERSION = YES;
				CLANG_WARN_DIRECT_OBJC_ISA_USAGE = YES_ERROR;
				CLANG_WARN_EMPTY_BODY = YES;
				CLANG_WARN_ENUM_CONVERSION = YES;
				CLANG_WARN_INT_CONVERSION = YES;
				CLANG_WARN_OBJC_ROOT_CLASS = YES_ERROR;
				CLANG_WARN_UNREACHABLE_CODE = YES;
				CLANG_WARN__DUPLICATE_METHOD_MATCH = YES;
				"CODE_SIGN_IDENTITY[sdk=iphoneos*]" = "iPhone Developer";
				COPY_PHASE_STRIP = NO;
				DEBUG_INFORMATION_FORMAT = "dwarf-with-dsym";
				ENABLE_STRICT_OBJC_MSGSEND = YES;
				GCC_C_LANGUAGE_STANDARD = gnu99;
				GCC_DYNAMIC_NO_PIC = NO;
				GCC_NO_COMMON_BLOCKS = YES;
				GCC_OPTIMIZATION_LEVEL = 0;
				GCC_PREPROCESSOR_DEFINITIONS = (
					"DEBUG=1",
					"$(inherited)",
				);
				GCC_SYMBOLS_PRIVATE_EXTERN = NO;
				GCC_WARN_64_TO_32_BIT_CONVERSION = YES;
				GCC_WARN_ABOUT_RETURN_TYPE = YES_ERROR;
				GCC_WARN_UNDECLARED_SELECTOR = YES;
				GCC_WARN_UNINITIALIZED_AUTOS = YES_AGGRESSIVE;
				GCC_WARN_UNUSED_FUNCTION = YES;
				GCC_WARN_UNUSED_VARIABLE = YES;
				IPHONEOS_DEPLOYMENT_TARGET = 8.4;
				MTL_ENABLE_DEBUG_INFO = YES;
				ONLY_ACTIVE_ARCH = YES;
				SDKROOT = iphoneos;
				SWIFT_OPTIMIZATION_LEVEL = "-Onone";
			};
			name = Debug;
		};
		FAC582E81B8A421500B73931 /* Release */ = {
			isa = XCBuildConfiguration;
			buildSettings = {
				ALWAYS_SEARCH_USER_PATHS = NO;
				CLANG_CXX_LANGUAGE_STANDARD = "gnu++0x";
				CLANG_CXX_LIBRARY = "libc++";
				CLANG_ENABLE_MODULES = YES;
				CLANG_ENABLE_OBJC_ARC = YES;
				CLANG_WARN_BOOL_CONVERSION = YES;
				CLANG_WARN_CONSTANT_CONVERSION = YES;
				CLANG_WARN_DIRECT_OBJC_ISA_USAGE = YES_ERROR;
				CLANG_WARN_EMPTY_BODY = YES;
				CLANG_WARN_ENUM_CONVERSION = YES;
				CLANG_WARN_INT_CONVERSION = YES;
				CLANG_WARN_OBJC_ROOT_CLASS = YES_ERROR;
				CLANG_WARN_UNREACHABLE_CODE = YES;
				CLANG_WARN__DUPLICATE_METHOD_MATCH = YES;
				"CODE_SIGN_IDENTITY[sdk=iphoneos*]" = "iPhone Developer";
				COPY_PHASE_STRIP = NO;
				DEBUG_INFORMATION_FORMAT = "dwarf-with-dsym";
				ENABLE_NS_ASSERTIONS = NO;
				ENABLE_STRICT_OBJC_MSGSEND = YES;
				GCC_C_LANGUAGE_STANDARD = gnu99;
				GCC_NO_COMMON_BLOCKS = YES;
				GCC_WARN_64_TO_32_BIT_CONVERSION = YES;
				GCC_WARN_ABOUT_RETURN_TYPE = YES_ERROR;
				GCC_WARN_UNDECLARED_SELECTOR = YES;
				GCC_WARN_UNINITIALIZED_AUTOS = YES_AGGRESSIVE;
				GCC_WARN_UNUSED_FUNCTION = YES;
				GCC_WARN_UNUSED_VARIABLE = YES;
				IPHONEOS_DEPLOYMENT_TARGET = 8.4;
				MTL_ENABLE_DEBUG_INFO = NO;
				SDKROOT = iphoneos;
				VALIDATE_PRODUCT = YES;
			};
			name = Release;
		};
		FAC582EA1B8A421500B73931 /* Debug */ = {
			isa = XCBuildConfiguration;
			buildSettings = {
				ASSETCATALOG_COMPILER_APPICON_NAME = AppIcon;
				INFOPLIST_FILE = ASDChess/Info.plist;
				LD_RUNPATH_SEARCH_PATHS = "$(inherited) @executable_path/Frameworks";
				PRODUCT_NAME = "$(TARGET_NAME)";
			};
			name = Debug;
		};
		FAC582EB1B8A421500B73931 /* Release */ = {
			isa = XCBuildConfiguration;
			buildSettings = {
				ASSETCATALOG_COMPILER_APPICON_NAME = AppIcon;
				INFOPLIST_FILE = ASDChess/Info.plist;
				LD_RUNPATH_SEARCH_PATHS = "$(inherited) @executable_path/Frameworks";
				PRODUCT_NAME = "$(TARGET_NAME)";
			};
			name = Release;
		};
		FAC582ED1B8A421500B73931 /* Debug */ = {
			isa = XCBuildConfiguration;
			buildSettings = {
				BUNDLE_LOADER = "$(TEST_HOST)";
				FRAMEWORK_SEARCH_PATHS = (
					"$(SDKROOT)/Developer/Library/Frameworks",
					"$(inherited)",
				);
				GCC_PREPROCESSOR_DEFINITIONS = (
					"DEBUG=1",
					"$(inherited)",
				);
				INFOPLIST_FILE = ASDChessTests/Info.plist;
				LD_RUNPATH_SEARCH_PATHS = "$(inherited) @executable_path/Frameworks @loader_path/Frameworks";
				PRODUCT_NAME = "$(TARGET_NAME)";
				TEST_HOST = "$(BUILT_PRODUCTS_DIR)/ASDChess.app/ASDChess";
			};
			name = Debug;
		};
		FAC582EE1B8A421500B73931 /* Release */ = {
			isa = XCBuildConfiguration;
			buildSettings = {
				BUNDLE_LOADER = "$(TEST_HOST)";
				FRAMEWORK_SEARCH_PATHS = (
					"$(SDKROOT)/Developer/Library/Frameworks",
					"$(inherited)",
				);
				INFOPLIST_FILE = ASDChessTests/Info.plist;
				LD_RUNPATH_SEARCH_PATHS = "$(inherited) @executable_path/Frameworks @loader_path/Frameworks";
				PRODUCT_NAME = "$(TARGET_NAME)";
				TEST_HOST = "$(BUILT_PRODUCTS_DIR)/ASDChess.app/ASDChess";
			};
			name = Release;
		};
/* End XCBuildConfiguration section */

/* Begin XCConfigurationList section */
		FAC582C51B8A421500B73931 /* Build configuration list for PBXProject "ASDChess" */ = {
			isa = XCConfigurationList;
			buildConfigurations = (
				FAC582E71B8A421500B73931 /* Debug */,
				FAC582E81B8A421500B73931 /* Release */,
			);
			defaultConfigurationIsVisible = 0;
			defaultConfigurationName = Release;
		};
		FAC582E91B8A421500B73931 /* Build configuration list for PBXNativeTarget "ASDChess" */ = {
			isa = XCConfigurationList;
			buildConfigurations = (
				FAC582EA1B8A421500B73931 /* Debug */,
				FAC582EB1B8A421500B73931 /* Release */,
			);
			defaultConfigurationIsVisible = 0;
			defaultConfigurationName = Release;
		};
		FAC582EC1B8A421500B73931 /* Build configuration list for PBXNativeTarget "ASDChessTests" */ = {
			isa = XCConfigurationList;
			buildConfigurations = (
				FAC582ED1B8A421500B73931 /* Debug */,
				FAC582EE1B8A421500B73931 /* Release */,
			);
			defaultConfigurationIsVisible = 0;
			defaultConfigurationName = Release;
		};
/* End XCConfigurationList section */
	};
	rootObject = FAC582C21B8A421500B73931 /* Project object */;
}
